
Microsoft Visual Studio Solution File, Format Version 12.00
# Visual Studio Version 17
VisualStudioVersion = 17.3.32929.385
MinimumVisualStudioVersion = 10.0.40219.1
Project("{8BC9CEB8-8B4A-11D0-8D11-00A0C91BC942}") = "Dream_Start", "Dream_Start\Dream_Start.vcxproj", "{F53E0FC4-11B6-4673-BF7F-BA22BC0F926F}"
EndProject
Global
	GlobalSection(SolutionConfigurationPlatforms) = preSolution
		Debug|x64 = Debug|x64
		Debug|x86 = Debug|x86
		Release|x64 = Release|x64
		Release|x86 = Release|x86
	EndGlobalSection
	GlobalSection(ProjectConfigurationPlatforms) = postSolution
		{F53E0FC4-11B6-4673-BF7F-BA22BC0F926F}.Debug|x64.ActiveCfg = Debug|x64
		{F53E0FC4-11B6-4673-BF7F-BA22BC0F926F}.Debug|x64.Build.0 = Debug|x64
		{F53E0FC4-11B6-4673-BF7F-BA22BC0F926F}.Debug|x86.ActiveCfg = Debug|Win32
		{F53E0FC4-11B6-4673-BF7F-BA22BC0F926F}.Debug|x86.Build.0 = Debug|Win32
		{F53E0FC4-11B6-4673-BF7F-BA22BC0F926F}.Release|x64.ActiveCfg = Release|x64
		{F53E0FC4-11B6-4673-BF7F-BA22BC0F926F}.Release|x64.Build.0 = Release|x64
		{F53E0FC4-11B6-4673-BF7F-BA22BC0F926F}.Release|x86.ActiveCfg = Release|Win32
		{F53E0FC4-11B6-4673-BF7F-BA22BC0F926F}.Release|x86.Build.0 = Release|Win32
	EndGlobalSection
	GlobalSection(SolutionProperties) = preSolution
		HideSolutionNode = FALSE
	EndGlobalSection
	GlobalSection(ExtensibilityGlobals) = postSolution
		SolutionGuid = {B9EE8FA3-4893-43D3-B087-DBC15A98F352}
	EndGlobalSection
EndGlobal
